<?xml version="1.0" encoding="utf-8"?>
<Project ToolsVersion="4.0" xmlns="http://schemas.microsoft.com/developer/msbuild/2003">
  <ItemGroup>
    <Filter Include="Source Files">
      <UniqueIdentifier>{4FC737F1-C7A5-4376-A066-2A32D752A2FF}</UniqueIdentifier>
      <Extensions>cpp;c;cc;cxx;c++;cppm;ixx;def;odl;idl;hpj;bat;asm;asmx</Extensions>
    </Filter>
    <Filter Include="Header Files">
      <UniqueIdentifier>{93995380-89BD-4b04-88EB-625FBE52EBFB}</UniqueIdentifier>
      <Extensions>h;hh;hpp;hxx;h++;hm;inl;inc;ipp;xsd</Extensions>
    </Filter>
    <Filter Include="Resource Files">
      <UniqueIdentifier>{67DA6AB6-F800-4c08-8B7A-83BB121AAD01}</UniqueIdentifier>
      <Extensions>rc;ico;cur;bmp;dlg;rc2;rct;bin;rgs;gif;jpg;jpeg;jpe;resx;tiff;tif;png;wav;mfcribbon-ms</Extensions>
    </Filter>
    <Filter Include="Resource Files\Textures">
      <UniqueIdentifier>{161b6d80-52b5-4c1f-83dc-bb15219f46ff}</UniqueIdentifier>
    </Filter>
    <Filter Include="Resource Files\SFX">
      <UniqueIdentifier>{8a05f214-d184-4c70-a02c-1cfd79d0d5e4}</UniqueIdentifier>
    </Filter>
    <Filter Include="Resource Files\Fonts">
      <UniqueIdentifier>{98900ae5-fe9e-4862-8392-b2838afefaf2}</UniqueIdentifier>
    </Filter>
    <Filter Include="Source Files\External">
      <UniqueIdentifier>{a1102e77-8d57-4d86-96f9-540f050ba94d}</UniqueIdentifier>
    </Filter>
    <Filter Include="Header Files\External">
      <UniqueIdentifier>{edfd1c03-6a14-4e79-8700-23877e7a9070}</UniqueIdentifier>
    </Filter>
    <Filter Include="Header Files\components">
      <UniqueIdentifier>{3d1031ac-096a-49d2-8eb8-05f15f4c8a3c}</UniqueIdentifier>
    </Filter>
    <Filter Include="Header Files\Scenes">
      <UniqueIdentifier>{df346f99-d62d-4eb5-bd7b-f2cbffc69682}</UniqueIdentifier>
    </Filter>
    <Filter Include="Resource Files\GUI_forms">
      <UniqueIdentifier>{03da73e9-ebd1-4bdc-a173-8d50fcfde1de}</UniqueIdentifier>
    </Filter>
    <Filter Include="Header Files\Managers">
      <UniqueIdentifier>{05fbaff2-749b-433e-a4d8-96f7f5393459}</UniqueIdentifier>
    </Filter>
    <Filter Include="Header Files\Systems">
      <UniqueIdentifier>{78b92ea4-639a-45b0-a120-83d63d686dbd}</UniqueIdentifier>
    </Filter>
    <Filter Include="Resource Files\SceneResources">
      <UniqueIdentifier>{7a7dd932-2516-404f-930c-ccfc10f040b8}</UniqueIdentifier>
    </Filter>
  </ItemGroup>
  <ItemGroup>
    <Image Include="..\Assets\Textures\Background.png">
      <Filter>Resource Files\Textures</Filter>
    </Image>
    <Image Include="..\Assets\Textures\BlockAtlas.png">
      <Filter>Resource Files\Textures</Filter>
    </Image>
    <Image Include="..\Assets\Textures\Field.png">
      <Filter>Resource Files\Textures</Filter>
    </Image>
    <Image Include="..\Assets\Textures\PauseBackground.png">
      <Filter>Resource Files\Textures</Filter>
    </Image>
  </ItemGroup>
  <ItemGroup>
    <Media Include="..\Assets\SFX\Background.mp3">
      <Filter>Resource Files\SFX</Filter>
    </Media>
    <Media Include="..\Assets\SFX\Clear.wav">
      <Filter>Resource Files\SFX</Filter>
    </Media>
    <Media Include="..\Assets\SFX\Place.wav">
      <Filter>Resource Files\SFX</Filter>
    </Media>
    <Media Include="..\Assets\SFX\phonk-292971.mp3">
      <Filter>Resource Files\SFX</Filter>
    </Media>
  </ItemGroup>
  <ItemGroup>
    <None Include="..\Assets\SFX\Background.ogg">
      <Filter>Resource Files\SFX</Filter>
    </None>
    <None Include="..\Assets\SFX\7-done-menu.ogg">
      <Filter>Resource Files\SFX</Filter>
    </None>
    <None Include="..\Assets\SFX\DJK-Dreamly-Soundscapes.ogg">
      <Filter>Resource Files\SFX</Filter>
    </None>
    <None Include="..\3rd party\AK\SoundEngine\AkFilePackageLowLevelIO.inl">
      <Filter>Source Files\External</Filter>
    </None>
    <None Include="resources.json">
      <Filter>Resource Files\SceneResources</Filter>
    </None>
    <None Include="..\Assets\SceneResources\Mesopotamia.json">
      <Filter>Resource Files\SceneResources</Filter>
    </None>
  </ItemGroup>
  <ItemGroup>
    <Font Include="..\Assets\Fonts\ka1.ttf">
      <Filter>Resource Files\Fonts</Filter>
    </Font>
  </ItemGroup>
  <ItemGroup>
    <ClInclude Include="Field.hpp">
      <Filter>Header Files</Filter>
    </ClInclude>
    <ClInclude Include="GUI.hpp">
      <Filter>Header Files</Filter>
    </ClInclude>
    <ClInclude Include="Includes.hpp">
      <Filter>Header Files</Filter>
    </ClInclude>
    <ClInclude Include="JSONUtilities.hpp">
      <Filter>Header Files</Filter>
    </ClInclude>
    <ClInclude Include="Tetramino.hpp">
      <Filter>Header Files</Filter>
    </ClInclude>
    <ClInclude Include="Settings.hpp">
      <Filter>Header Files</Filter>
    </ClInclude>
    <ClInclude Include="Game.hpp">
      <Filter>Header Files</Filter>
    </ClInclude>
    <ClInclude Include="..\3rd party\AK\SoundEngine\AkDefaultIOHookDeferred.h">
      <Filter>Source Files\External</Filter>
    </ClInclude>
    <ClInclude Include="..\3rd party\AK\SoundEngine\AkDefaultLowLevelIODispatcher.h">
      <Filter>Source Files\External</Filter>
    </ClInclude>
    <ClInclude Include="..\3rd party\AK\SoundEngine\AkFileHelpers.h">
      <Filter>Source Files\External</Filter>
    </ClInclude>
    <ClInclude Include="..\3rd party\AK\SoundEngine\AkFileHelpersBase.h">
      <Filter>Source Files\External</Filter>
    </ClInclude>
    <ClInclude Include="..\3rd party\AK\SoundEngine\AkFileLocationBase.h">
      <Filter>Source Files\External</Filter>
    </ClInclude>
    <ClInclude Include="..\3rd party\AK\SoundEngine\AkFilePackage.h">
      <Filter>Source Files\External</Filter>
    </ClInclude>
    <ClInclude Include="..\3rd party\AK\SoundEngine\AkFilePackageLowLevelIO.h">
      <Filter>Source Files\External</Filter>
    </ClInclude>
    <ClInclude Include="..\3rd party\AK\SoundEngine\AkFilePackageLowLevelIODeferred.h">
      <Filter>Source Files\External</Filter>
    </ClInclude>
    <ClInclude Include="..\3rd party\AK\SoundEngine\AkFilePackageLUT.h">
      <Filter>Source Files\External</Filter>
    </ClInclude>
    <ClInclude Include="..\3rd party\AK\SoundEngine\AkGeneratedSoundBanksResolver.h">
      <Filter>Source Files\External</Filter>
    </ClInclude>
    <ClInclude Include="..\3rd party\AK\SoundEngine\AkJobWorkerMgr.h">
      <Filter>Source Files\External</Filter>
    </ClInclude>
    <ClInclude Include="..\3rd party\AK\SoundEngine\AkMultipleFileLocation.h">
      <Filter>Source Files\External</Filter>
    </ClInclude>
    <ClInclude Include="..\3rd party\AK\SoundEngine\AkPlatformProfilerHooks.h">
      <Filter>Source Files\External</Filter>
    </ClInclude>
    <ClInclude Include="..\3rd party\AK\SoundEngine\stdafx.h">
      <Filter>Source Files\External</Filter>
    </ClInclude>
    <ClInclude Include="..\3rd party\entt.hpp">
      <Filter>Header Files\External</Filter>
    </ClInclude>
    <ClInclude Include="..\3rd party\json.hpp">
      <Filter>Header Files\External</Filter>
    </ClInclude>
    <ClInclude Include="scene_MainMenu.hpp">
      <Filter>Header Files\Scenes</Filter>
    </ClInclude>
    <ClInclude Include="scene_Gameplay.hpp">
      <Filter>Header Files\Scenes</Filter>
    </ClInclude>
    <ClInclude Include="InputManager.hpp">
      <Filter>Header Files\Managers</Filter>
    </ClInclude>
    <ClInclude Include="SceneManager.hpp">
      <Filter>Header Files\Managers</Filter>
    </ClInclude>
    <ClInclude Include="SoundManager.hpp">
      <Filter>Header Files\Managers</Filter>
    </ClInclude>
    <ClInclude Include="Keymap.hpp">
      <Filter>Header Files\Managers</Filter>
    </ClInclude>
    <ClInclude Include="BaseScene.hpp">
      <Filter>Header Files\Scenes</Filter>
    </ClInclude>
    <ClInclude Include="ResourceManager.hpp">
      <Filter>Header Files\Managers</Filter>
    </ClInclude>
    <ClInclude Include="BaseSystem.hpp">
      <Filter>Header Files\Systems</Filter>
    </ClInclude>
    <ClInclude Include="GridComponents.hpp">
      <Filter>Header Files\components</Filter>
    </ClInclude>
    <ClInclude Include="PhysicsSystem.hpp">
      <Filter>Header Files\Systems</Filter>
    </ClInclude>
    <ClInclude Include="VisualComponents.hpp">
      <Filter>Header Files\components</Filter>
    </ClInclude>
    <ClInclude Include="MusicComponents.hpp">
      <Filter>Header Files\components</Filter>
    </ClInclude>
    <ClInclude Include="RenderSystem.hpp">
      <Filter>Header Files\Systems</Filter>
    </ClInclude>
    <ClInclude Include="BlockSpawnSystem.hpp">
      <Filter>Header Files\Systems</Filter>
    </ClInclude>
    <ClInclude Include="SystemManager.hpp">
      <Filter>Header Files\Systems</Filter>
    </ClInclude>
  </ItemGroup>
  <ItemGroup>
    <ClCompile Include="Settings.cpp">
      <Filter>Source Files</Filter>
    </ClCompile>
    <ClCompile Include="Tetramino.cpp">
      <Filter>Source Files</Filter>
    </ClCompile>
    <ClCompile Include="JSONUtilities.cpp">
      <Filter>Source Files</Filter>
    </ClCompile>
    <ClCompile Include="Game.cpp">
      <Filter>Source Files</Filter>
    </ClCompile>
    <ClCompile Include="main.cpp">
      <Filter>Source Files</Filter>
    </ClCompile>
    <ClCompile Include="Field.cpp">
      <Filter>Source Files</Filter>
    </ClCompile>
    <ClCompile Include="BaseScene.cpp">
      <Filter>Source Files</Filter>
    </ClCompile>
    <ClCompile Include="..\3rd party\AK\SoundEngine\AkDefaultIOHookDeferred.cpp">
      <Filter>Source Files\External</Filter>
    </ClCompile>
    <ClCompile Include="..\3rd party\AK\SoundEngine\AkDefaultLowLevelIODispatcher.cpp">
      <Filter>Source Files\External</Filter>
    </ClCompile>
    <ClCompile Include="..\3rd party\AK\SoundEngine\AkFileLocationBase.cpp">
      <Filter>Source Files\External</Filter>
    </ClCompile>
    <ClCompile Include="..\3rd party\AK\SoundEngine\AkFilePackage.cpp">
      <Filter>Source Files\External</Filter>
    </ClCompile>
    <ClCompile Include="..\3rd party\AK\SoundEngine\AkFilePackageLUT.cpp">
      <Filter>Source Files\External</Filter>
    </ClCompile>
    <ClCompile Include="..\3rd party\AK\SoundEngine\AkGeneratedSoundBanksResolver.cpp">
      <Filter>Source Files\External</Filter>
    </ClCompile>
    <ClCompile Include="..\3rd party\AK\SoundEngine\AkJobWorkerMgr.cpp">
      <Filter>Source Files\External</Filter>
    </ClCompile>
    <ClCompile Include="..\3rd party\AK\SoundEngine\AkMultipleFileLocation.cpp">
      <Filter>Source Files\External</Filter>
    </ClCompile>
    <ClCompile Include="..\3rd party\AK\SoundEngine\AkPlatformProfilerHooks.cpp">
      <Filter>Source Files\External</Filter>
    </ClCompile>
    <ClCompile Include="..\3rd party\AK\SoundEngine\AkPlatformProfilerHookStubs.cpp">
      <Filter>Source Files\External</Filter>
    </ClCompile>
    <ClCompile Include="..\3rd party\AK\SoundEngine\stdafx.cpp">
      <Filter>Source Files\External</Filter>
    </ClCompile>
    <ClCompile Include="scene_MainMenu.cpp">
      <Filter>Source Files</Filter>
    </ClCompile>
    <ClCompile Include="SceneManager.cpp">
      <Filter>Source Files</Filter>
    </ClCompile>
    <ClCompile Include="scene_Gameplay.cpp">
      <Filter>Source Files</Filter>
    </ClCompile>
    <ClCompile Include="InputManager.cpp">
      <Filter>Source Files</Filter>
    </ClCompile>
    <ClCompile Include="SoundManager.cpp">
      <Filter>Source Files</Filter>
    </ClCompile>
    <ClCompile Include="Keymap.cpp">
      <Filter>Source Files</Filter>
    </ClCompile>
    <ClCompile Include="ResourceManager.cpp">
      <Filter>Source Files</Filter>
    </ClCompile>
    <ClCompile Include="BaseSystem.cpp">
      <Filter>Source Files</Filter>
    </ClCompile>
    <ClCompile Include="SystemManager.cpp">
      <Filter>Source Files</Filter>
    </ClCompile>
    <ClCompile Include="PhysicsSystem.cpp">
      <Filter>Source Files</Filter>
    </ClCompile>
    <ClCompile Include="RenderSystem.cpp">
      <Filter>Source Files</Filter>
    </ClCompile>
    <ClCompile Include="BlockSpawnSystem.cpp">
      <Filter>Source Files</Filter>
    </ClCompile>
  </ItemGroup>
  <ItemGroup>
    <Text Include="..\Assets\GUI_forms\menu.txt">
      <Filter>Resource Files\GUI_forms</Filter>
    </Text>
  </ItemGroup>
</Project>